
Microsoft Visual Studio Solution File, Format Version 12.00
# Visual Studio Version 17
VisualStudioVersion = 17.0.32126.317
MinimumVisualStudioVersion = 10.0.40219.1
Project("{FAE04EC0-301F-11D3-BF4B-00C04F79EFBC}") = "CadPessoas", "CadPessoas.csproj", "{AA182DD9-EE76-4277-8E92-4494E684A8FE}"
EndProject
Global
	GlobalSection(SolutionConfigurationPlatforms) = preSolution
		Debug|Any CPU = Debug|Any CPU
		Release|Any CPU = Release|Any CPU
	EndGlobalSection
	GlobalSection(ProjectConfigurationPlatforms) = postSolution
		{AA182DD9-EE76-4277-8E92-4494E684A8FE}.Debug|Any CPU.ActiveCfg = Debug|Any CPU
		{AA182DD9-EE76-4277-8E92-4494E684A8FE}.Debug|Any CPU.Build.0 = Debug|Any CPU
		{AA182DD9-EE76-4277-8E92-4494E684A8FE}.Release|Any CPU.ActiveCfg = Release|Any CPU
		{AA182DD9-EE76-4277-8E92-4494E684A8FE}.Release|Any CPU.Build.0 = Release|Any CPU
	EndGlobalSection
	GlobalSection(SolutionProperties) = preSolution
		HideSolutionNode = FALSE
	EndGlobalSection
	GlobalSection(ExtensibilityGlobals) = postSolution
		SolutionGuid = {2D1DEC9E-D40C-4561-85C5-0227A80B3572}
	EndGlobalSection
EndGlobal
