
Microsoft Visual Studio Solution File, Format Version 12.00
# Visual Studio Version 16
VisualStudioVersion = 16.0.31424.327
MinimumVisualStudioVersion = 10.0.40219.1
Project("{2150E333-8FDC-42A3-9474-1A3956D46DE8}") = "01.if-else", "01.if-else", "{FF6CA70C-8BF8-4591-AA95-C3A253843950}"
EndProject
Project("{2150E333-8FDC-42A3-9474-1A3956D46DE8}") = "02.compilacao-condicional", "02.compilacao-condicional", "{A38071A3-0CE7-4015-9BDF-3A02EB5C65C8}"
EndProject
Project("{2150E333-8FDC-42A3-9474-1A3956D46DE8}") = "03.while-do", "03.while-do", "{430CC3EA-20BF-4A42-B274-96408D3399E5}"
EndProject
Project("{2150E333-8FDC-42A3-9474-1A3956D46DE8}") = "04.for-foreach", "04.for-foreach", "{89264D13-9D08-48E2-AFE1-6631FBE3CF33}"
EndProject
Project("{2150E333-8FDC-42A3-9474-1A3956D46DE8}") = "05.try-catch", "05.try-catch", "{E940927C-E8F8-42C2-972C-470E2B21FFE7}"
EndProject
Project("{2150E333-8FDC-42A3-9474-1A3956D46DE8}") = "Habilidades medidas", "Habilidades medidas", "{8B893845-9AEE-415A-8442-0323EB2469AD}"
	ProjectSection(SolutionItems) = preProject
		Exame.md = Exame.md
		img1.png = img1.png
		img2.png = img2.png
		img3.png = img3.png
		img4.png = img4.png
	EndProjectSection
EndProject
Project("{2150E333-8FDC-42A3-9474-1A3956D46DE8}") = "Exceptions", "Exceptions", "{6898B1BA-134D-4C31-BAC6-D49F0AFB4DF1}"
EndProject
Project("{FAE04EC0-301F-11D3-BF4B-00C04F79EFBC}") = "ClienteCalculadora", "Exceptions\ClienteCalculadora\ClienteCalculadora.csproj", "{F6D8FC2E-62D0-4554-AC3E-1964042590E3}"
EndProject
Project("{FAE04EC0-301F-11D3-BF4B-00C04F79EFBC}") = "ServicoCalculadora", "Exceptions\ServicoCalculadora\ServicoCalculadora.csproj", "{B583826F-E083-4CA6-9726-6B94898F939B}"
EndProject
Project("{2150E333-8FDC-42A3-9474-1A3956D46DE8}") = "Imagens", "Imagens", "{561F39E8-59E1-4119-94F0-B4F0DDCB0832}"
EndProject
Project("{2150E333-8FDC-42A3-9474-1A3956D46DE8}") = "01.if-else", "01.if-else", "{45955B76-3377-4D5A-BE83-BA603A73F5C0}"
	ProjectSection(SolutionItems) = preProject
		Imagens\01.if-else\img1.png = Imagens\01.if-else\img1.png
		Imagens\01.if-else\img10.png = Imagens\01.if-else\img10.png
		Imagens\01.if-else\img2.png = Imagens\01.if-else\img2.png
		Imagens\01.if-else\img3.png = Imagens\01.if-else\img3.png
		Imagens\01.if-else\img4.png = Imagens\01.if-else\img4.png
		Imagens\01.if-else\img5.png = Imagens\01.if-else\img5.png
		Imagens\01.if-else\img6.png = Imagens\01.if-else\img6.png
		Imagens\01.if-else\img7.png = Imagens\01.if-else\img7.png
		Imagens\01.if-else\img8.png = Imagens\01.if-else\img8.png
		Imagens\01.if-else\img9.png = Imagens\01.if-else\img9.png
	EndProjectSection
EndProject
Project("{2150E333-8FDC-42A3-9474-1A3956D46DE8}") = "01.operadores-expressoes", "01.operadores-expressoes", "{399B806B-1AD9-4FC5-99CD-DFA77B1C9758}"
	ProjectSection(SolutionItems) = preProject
		explicação.md = explicação.md
		Imagens\01.operadores-expressoes\img1.png = Imagens\01.operadores-expressoes\img1.png
		Imagens\01.operadores-expressoes\img10.png = Imagens\01.operadores-expressoes\img10.png
		Imagens\01.operadores-expressoes\img11.png = Imagens\01.operadores-expressoes\img11.png
		Imagens\01.operadores-expressoes\img12.png = Imagens\01.operadores-expressoes\img12.png
		Imagens\01.operadores-expressoes\img13.png = Imagens\01.operadores-expressoes\img13.png
		Imagens\01.operadores-expressoes\img14.png = Imagens\01.operadores-expressoes\img14.png
		Imagens\01.operadores-expressoes\img15.png = Imagens\01.operadores-expressoes\img15.png
		Imagens\01.operadores-expressoes\img16.png = Imagens\01.operadores-expressoes\img16.png
		Imagens\01.operadores-expressoes\img2.png = Imagens\01.operadores-expressoes\img2.png
		Imagens\01.operadores-expressoes\img3.png = Imagens\01.operadores-expressoes\img3.png
		Imagens\01.operadores-expressoes\img4.png = Imagens\01.operadores-expressoes\img4.png
		Imagens\01.operadores-expressoes\img5.png = Imagens\01.operadores-expressoes\img5.png
		Imagens\01.operadores-expressoes\img6.png = Imagens\01.operadores-expressoes\img6.png
		Imagens\01.operadores-expressoes\img7.png = Imagens\01.operadores-expressoes\img7.png
		Imagens\01.operadores-expressoes\img8.png = Imagens\01.operadores-expressoes\img8.png
		Imagens\01.operadores-expressoes\img9.png = Imagens\01.operadores-expressoes\img9.png
	EndProjectSection
EndProject
Project("{2150E333-8FDC-42A3-9474-1A3956D46DE8}") = "02.compilacao-condicional", "02.compilacao-condicional", "{8A5F6617-E09A-4E18-8977-E37CC0E387F0}"
	ProjectSection(SolutionItems) = preProject
		explicação2.md = explicação2.md
	EndProjectSection
EndProject
Project("{9A19103F-16F7-4668-BE54-9A1E7A4F7556}") = "01.ByteBank", "01\01.ByteBank\01.ByteBank.csproj", "{AFD3A1E7-4223-4D50-9D5C-4E32AB8BA87F}"
EndProject
Project("{9A19103F-16F7-4668-BE54-9A1E7A4F7556}") = "02.ByteBank", "02\02.ByteBank\02.ByteBank.csproj", "{A500B993-E84C-4A69-ACC8-6E77D7226A68}"
EndProject
Project("{9A19103F-16F7-4668-BE54-9A1E7A4F7556}") = "03.ByteBank", "03\03.ByteBank\03.ByteBank.csproj", "{BA44D692-0B21-4378-97D5-33E7822433CB}"
EndProject
Project("{FAE04EC0-301F-11D3-BF4B-00C04F79EFBC}") = "05.ByteBank", "05\05.ByteBank\05.ByteBank.csproj", "{C8E7AE9C-8CB0-40AA-9910-02E5305ACF7B}"
EndProject
Project("{9A19103F-16F7-4668-BE54-9A1E7A4F7556}") = "04.ByteBank", "04\04.ByteBank\04.ByteBank.csproj", "{46E7F5B6-1974-492F-8CD7-5B78D99E6D6A}"
EndProject
Global
	GlobalSection(SolutionConfigurationPlatforms) = preSolution
		Debug|Any CPU = Debug|Any CPU
		Release|Any CPU = Release|Any CPU
	EndGlobalSection
	GlobalSection(ProjectConfigurationPlatforms) = postSolution
		{F6D8FC2E-62D0-4554-AC3E-1964042590E3}.Debug|Any CPU.ActiveCfg = Debug|Any CPU
		{F6D8FC2E-62D0-4554-AC3E-1964042590E3}.Debug|Any CPU.Build.0 = Debug|Any CPU
		{F6D8FC2E-62D0-4554-AC3E-1964042590E3}.Release|Any CPU.ActiveCfg = Release|Any CPU
		{F6D8FC2E-62D0-4554-AC3E-1964042590E3}.Release|Any CPU.Build.0 = Release|Any CPU
		{B583826F-E083-4CA6-9726-6B94898F939B}.Debug|Any CPU.ActiveCfg = Debug|Any CPU
		{B583826F-E083-4CA6-9726-6B94898F939B}.Debug|Any CPU.Build.0 = Debug|Any CPU
		{B583826F-E083-4CA6-9726-6B94898F939B}.Release|Any CPU.ActiveCfg = Release|Any CPU
		{B583826F-E083-4CA6-9726-6B94898F939B}.Release|Any CPU.Build.0 = Release|Any CPU
		{AFD3A1E7-4223-4D50-9D5C-4E32AB8BA87F}.Debug|Any CPU.ActiveCfg = Debug|Any CPU
		{AFD3A1E7-4223-4D50-9D5C-4E32AB8BA87F}.Debug|Any CPU.Build.0 = Debug|Any CPU
		{AFD3A1E7-4223-4D50-9D5C-4E32AB8BA87F}.Release|Any CPU.ActiveCfg = Release|Any CPU
		{AFD3A1E7-4223-4D50-9D5C-4E32AB8BA87F}.Release|Any CPU.Build.0 = Release|Any CPU
		{A500B993-E84C-4A69-ACC8-6E77D7226A68}.Debug|Any CPU.ActiveCfg = Debug|Any CPU
		{A500B993-E84C-4A69-ACC8-6E77D7226A68}.Debug|Any CPU.Build.0 = Debug|Any CPU
		{A500B993-E84C-4A69-ACC8-6E77D7226A68}.Release|Any CPU.ActiveCfg = Release|Any CPU
		{A500B993-E84C-4A69-ACC8-6E77D7226A68}.Release|Any CPU.Build.0 = Release|Any CPU
		{BA44D692-0B21-4378-97D5-33E7822433CB}.Debug|Any CPU.ActiveCfg = Debug|Any CPU
		{BA44D692-0B21-4378-97D5-33E7822433CB}.Debug|Any CPU.Build.0 = Debug|Any CPU
		{BA44D692-0B21-4378-97D5-33E7822433CB}.Release|Any CPU.ActiveCfg = Release|Any CPU
		{BA44D692-0B21-4378-97D5-33E7822433CB}.Release|Any CPU.Build.0 = Release|Any CPU
		{C8E7AE9C-8CB0-40AA-9910-02E5305ACF7B}.Debug|Any CPU.ActiveCfg = Debug|Any CPU
		{C8E7AE9C-8CB0-40AA-9910-02E5305ACF7B}.Debug|Any CPU.Build.0 = Debug|Any CPU
		{C8E7AE9C-8CB0-40AA-9910-02E5305ACF7B}.Release|Any CPU.ActiveCfg = Release|Any CPU
		{C8E7AE9C-8CB0-40AA-9910-02E5305ACF7B}.Release|Any CPU.Build.0 = Release|Any CPU
		{46E7F5B6-1974-492F-8CD7-5B78D99E6D6A}.Debug|Any CPU.ActiveCfg = Debug|Any CPU
		{46E7F5B6-1974-492F-8CD7-5B78D99E6D6A}.Debug|Any CPU.Build.0 = Debug|Any CPU
		{46E7F5B6-1974-492F-8CD7-5B78D99E6D6A}.Release|Any CPU.ActiveCfg = Release|Any CPU
		{46E7F5B6-1974-492F-8CD7-5B78D99E6D6A}.Release|Any CPU.Build.0 = Release|Any CPU
	EndGlobalSection
	GlobalSection(SolutionProperties) = preSolution
		HideSolutionNode = FALSE
	EndGlobalSection
	GlobalSection(NestedProjects) = preSolution
		{F6D8FC2E-62D0-4554-AC3E-1964042590E3} = {6898B1BA-134D-4C31-BAC6-D49F0AFB4DF1}
		{B583826F-E083-4CA6-9726-6B94898F939B} = {6898B1BA-134D-4C31-BAC6-D49F0AFB4DF1}
		{45955B76-3377-4D5A-BE83-BA603A73F5C0} = {561F39E8-59E1-4119-94F0-B4F0DDCB0832}
		{399B806B-1AD9-4FC5-99CD-DFA77B1C9758} = {561F39E8-59E1-4119-94F0-B4F0DDCB0832}
		{8A5F6617-E09A-4E18-8977-E37CC0E387F0} = {561F39E8-59E1-4119-94F0-B4F0DDCB0832}
		{AFD3A1E7-4223-4D50-9D5C-4E32AB8BA87F} = {FF6CA70C-8BF8-4591-AA95-C3A253843950}
		{A500B993-E84C-4A69-ACC8-6E77D7226A68} = {A38071A3-0CE7-4015-9BDF-3A02EB5C65C8}
		{BA44D692-0B21-4378-97D5-33E7822433CB} = {430CC3EA-20BF-4A42-B274-96408D3399E5}
		{C8E7AE9C-8CB0-40AA-9910-02E5305ACF7B} = {E940927C-E8F8-42C2-972C-470E2B21FFE7}
		{46E7F5B6-1974-492F-8CD7-5B78D99E6D6A} = {89264D13-9D08-48E2-AFE1-6631FBE3CF33}
	EndGlobalSection
	GlobalSection(ExtensibilityGlobals) = postSolution
		SolutionGuid = {CF8867F2-5852-4645-9DD8-568AFBDF1D72}
	EndGlobalSection
EndGlobal
