
Microsoft Visual Studio Solution File, Format Version 12.00
# Visual Studio Version 16
VisualStudioVersion = 16.0.31313.79
MinimumVisualStudioVersion = 10.0.40219.1
Project("{FAE04EC0-301F-11D3-BF4B-00C04F79EFBC}") = "AluraTunes", "AluraTunes\AluraTunes.csproj", "{2C26621B-DB20-487E-97A9-CC2922D5DFF7}"
EndProject
Global
	GlobalSection(SolutionConfigurationPlatforms) = preSolution
		Debug|Any CPU = Debug|Any CPU
		Release|Any CPU = Release|Any CPU
	EndGlobalSection
	GlobalSection(ProjectConfigurationPlatforms) = postSolution
		{2C26621B-DB20-487E-97A9-CC2922D5DFF7}.Debug|Any CPU.ActiveCfg = Debug|Any CPU
		{2C26621B-DB20-487E-97A9-CC2922D5DFF7}.Debug|Any CPU.Build.0 = Debug|Any CPU
		{2C26621B-DB20-487E-97A9-CC2922D5DFF7}.Release|Any CPU.ActiveCfg = Release|Any CPU
		{2C26621B-DB20-487E-97A9-CC2922D5DFF7}.Release|Any CPU.Build.0 = Release|Any CPU
	EndGlobalSection
	GlobalSection(SolutionProperties) = preSolution
		HideSolutionNode = FALSE
	EndGlobalSection
	GlobalSection(ExtensibilityGlobals) = postSolution
		SolutionGuid = {EFDA4A13-7621-4FE2-A39B-D3EBDC2E3DBB}
	EndGlobalSection
EndGlobal
