
Microsoft Visual Studio Solution File, Format Version 12.00
# Visual Studio Version 17
VisualStudioVersion = 17.5.33627.172
MinimumVisualStudioVersion = 10.0.40219.1
Project("{2150E333-8FDC-42A3-9474-1A3956D46DE8}") = "Creational", "Creational", "{FCAEA672-AD39-4074-A8D5-1DEE598A7DD2}"
EndProject
Project("{2150E333-8FDC-42A3-9474-1A3956D46DE8}") = "Singleton", "Singleton", "{EADC1C27-FA4B-4317-B6E4-4062465C6B83}"
EndProject
Project("{9A19103F-16F7-4668-BE54-9A1E7A4F7556}") = "Singleton", "Singleton\Singleton.csproj", "{6B46A359-946C-4CFC-AC02-07D6B68566AC}"
EndProject
Project("{2150E333-8FDC-42A3-9474-1A3956D46DE8}") = "Factory Method", "Factory Method", "{98E77B2E-5A2F-458B-918E-45082EE5D1A7}"
EndProject
Project("{9A19103F-16F7-4668-BE54-9A1E7A4F7556}") = "FactoryMethod", "FactoryMethod\FactoryMethod.csproj", "{88926AE5-9F27-48B9-8F9D-503BE8B2D4FB}"
EndProject
Project("{2150E333-8FDC-42A3-9474-1A3956D46DE8}") = "Abstract Factory", "Abstract Factory", "{E168B97C-AD5D-41BC-8559-0299BE293EE8}"
EndProject
Project("{FAE04EC0-301F-11D3-BF4B-00C04F79EFBC}") = "AbstractFactory", "AbstractFactory\AbstractFactory.csproj", "{48C9F33D-6C63-4813-8162-D868C10AD553}"
EndProject
Project("{2150E333-8FDC-42A3-9474-1A3956D46DE8}") = "Builder", "Builder", "{FC5FB389-1776-473D-86B3-E279D3D86113}"
EndProject
Project("{FAE04EC0-301F-11D3-BF4B-00C04F79EFBC}") = "Builder", "Builder\Builder.csproj", "{6A10049F-07E1-46C8-A85F-7DBCDC4A277C}"
EndProject
Global
	GlobalSection(SolutionConfigurationPlatforms) = preSolution
		Debug|Any CPU = Debug|Any CPU
		Release|Any CPU = Release|Any CPU
	EndGlobalSection
	GlobalSection(ProjectConfigurationPlatforms) = postSolution
		{6B46A359-946C-4CFC-AC02-07D6B68566AC}.Debug|Any CPU.ActiveCfg = Debug|Any CPU
		{6B46A359-946C-4CFC-AC02-07D6B68566AC}.Debug|Any CPU.Build.0 = Debug|Any CPU
		{6B46A359-946C-4CFC-AC02-07D6B68566AC}.Release|Any CPU.ActiveCfg = Release|Any CPU
		{6B46A359-946C-4CFC-AC02-07D6B68566AC}.Release|Any CPU.Build.0 = Release|Any CPU
		{88926AE5-9F27-48B9-8F9D-503BE8B2D4FB}.Debug|Any CPU.ActiveCfg = Debug|Any CPU
		{88926AE5-9F27-48B9-8F9D-503BE8B2D4FB}.Debug|Any CPU.Build.0 = Debug|Any CPU
		{88926AE5-9F27-48B9-8F9D-503BE8B2D4FB}.Release|Any CPU.ActiveCfg = Release|Any CPU
		{88926AE5-9F27-48B9-8F9D-503BE8B2D4FB}.Release|Any CPU.Build.0 = Release|Any CPU
		{48C9F33D-6C63-4813-8162-D868C10AD553}.Debug|Any CPU.ActiveCfg = Debug|Any CPU
		{48C9F33D-6C63-4813-8162-D868C10AD553}.Debug|Any CPU.Build.0 = Debug|Any CPU
		{48C9F33D-6C63-4813-8162-D868C10AD553}.Release|Any CPU.ActiveCfg = Release|Any CPU
		{48C9F33D-6C63-4813-8162-D868C10AD553}.Release|Any CPU.Build.0 = Release|Any CPU
		{6A10049F-07E1-46C8-A85F-7DBCDC4A277C}.Debug|Any CPU.ActiveCfg = Debug|Any CPU
		{6A10049F-07E1-46C8-A85F-7DBCDC4A277C}.Debug|Any CPU.Build.0 = Debug|Any CPU
		{6A10049F-07E1-46C8-A85F-7DBCDC4A277C}.Release|Any CPU.ActiveCfg = Release|Any CPU
		{6A10049F-07E1-46C8-A85F-7DBCDC4A277C}.Release|Any CPU.Build.0 = Release|Any CPU
	EndGlobalSection
	GlobalSection(SolutionProperties) = preSolution
		HideSolutionNode = FALSE
	EndGlobalSection
	GlobalSection(NestedProjects) = preSolution
		{EADC1C27-FA4B-4317-B6E4-4062465C6B83} = {FCAEA672-AD39-4074-A8D5-1DEE598A7DD2}
		{6B46A359-946C-4CFC-AC02-07D6B68566AC} = {EADC1C27-FA4B-4317-B6E4-4062465C6B83}
		{98E77B2E-5A2F-458B-918E-45082EE5D1A7} = {FCAEA672-AD39-4074-A8D5-1DEE598A7DD2}
		{88926AE5-9F27-48B9-8F9D-503BE8B2D4FB} = {98E77B2E-5A2F-458B-918E-45082EE5D1A7}
		{E168B97C-AD5D-41BC-8559-0299BE293EE8} = {FCAEA672-AD39-4074-A8D5-1DEE598A7DD2}
		{48C9F33D-6C63-4813-8162-D868C10AD553} = {E168B97C-AD5D-41BC-8559-0299BE293EE8}
		{FC5FB389-1776-473D-86B3-E279D3D86113} = {FCAEA672-AD39-4074-A8D5-1DEE598A7DD2}
		{6A10049F-07E1-46C8-A85F-7DBCDC4A277C} = {FC5FB389-1776-473D-86B3-E279D3D86113}
	EndGlobalSection
	GlobalSection(ExtensibilityGlobals) = postSolution
		SolutionGuid = {1C2E3692-5A00-49E1-82FA-005510130C64}
	EndGlobalSection
EndGlobal
